
Microsoft Visual Studio Solution File, Format Version 12.00
# Visual Studio Version 16
VisualStudioVersion = 16.0.30413.136
MinimumVisualStudioVersion = 10.0.40219.1
Project("{9A19103F-16F7-4668-BE54-9A1E7A4F7556}") = "Telefonia.Host", "Telefonia.Host\Telefonia.Host.csproj", "{2D20B729-14F7-484B-9716-C38DEAF6D64B}"
EndProject
Project("{9A19103F-16F7-4668-BE54-9A1E7A4F7556}") = "Telefonia.Infrastructure.Data", "Telefonia.Infrastructure.Data\Telefonia.Infrastructure.Data.csproj", "{9DE14851-E7F3-45BF-87D9-20D17C37E179}"
EndProject
Project("{9A19103F-16F7-4668-BE54-9A1E7A4F7556}") = "Telefonia.Test", "Telefonia.Test\Telefonia.Test.csproj", "{451CD60F-6CAD-4480-9ACF-EE7B8C68AEB2}"
EndProject
Project("{FAE04EC0-301F-11D3-BF4B-00C04F79EFBC}") = "Telefonia.Domain", "Telefonia.Domain\Telefonia.Domain.csproj", "{AD17EBCA-ED12-437F-985A-C4363A11D4FF}"
EndProject
Global
	GlobalSection(SolutionConfigurationPlatforms) = preSolution
		Debug|Any CPU = Debug|Any CPU
		Release|Any CPU = Release|Any CPU
	EndGlobalSection
	GlobalSection(ProjectConfigurationPlatforms) = postSolution
		{2D20B729-14F7-484B-9716-C38DEAF6D64B}.Debug|Any CPU.ActiveCfg = Debug|Any CPU
		{2D20B729-14F7-484B-9716-C38DEAF6D64B}.Debug|Any CPU.Build.0 = Debug|Any CPU
		{2D20B729-14F7-484B-9716-C38DEAF6D64B}.Release|Any CPU.ActiveCfg = Release|Any CPU
		{2D20B729-14F7-484B-9716-C38DEAF6D64B}.Release|Any CPU.Build.0 = Release|Any CPU
		{9DE14851-E7F3-45BF-87D9-20D17C37E179}.Debug|Any CPU.ActiveCfg = Debug|Any CPU
		{9DE14851-E7F3-45BF-87D9-20D17C37E179}.Debug|Any CPU.Build.0 = Debug|Any CPU
		{9DE14851-E7F3-45BF-87D9-20D17C37E179}.Release|Any CPU.ActiveCfg = Release|Any CPU
		{9DE14851-E7F3-45BF-87D9-20D17C37E179}.Release|Any CPU.Build.0 = Release|Any CPU
		{451CD60F-6CAD-4480-9ACF-EE7B8C68AEB2}.Debug|Any CPU.ActiveCfg = Debug|Any CPU
		{451CD60F-6CAD-4480-9ACF-EE7B8C68AEB2}.Debug|Any CPU.Build.0 = Debug|Any CPU
		{451CD60F-6CAD-4480-9ACF-EE7B8C68AEB2}.Release|Any CPU.ActiveCfg = Release|Any CPU
		{451CD60F-6CAD-4480-9ACF-EE7B8C68AEB2}.Release|Any CPU.Build.0 = Release|Any CPU
		{AD17EBCA-ED12-437F-985A-C4363A11D4FF}.Debug|Any CPU.ActiveCfg = Debug|Any CPU
		{AD17EBCA-ED12-437F-985A-C4363A11D4FF}.Debug|Any CPU.Build.0 = Debug|Any CPU
		{AD17EBCA-ED12-437F-985A-C4363A11D4FF}.Release|Any CPU.ActiveCfg = Release|Any CPU
		{AD17EBCA-ED12-437F-985A-C4363A11D4FF}.Release|Any CPU.Build.0 = Release|Any CPU
	EndGlobalSection
	GlobalSection(SolutionProperties) = preSolution
		HideSolutionNode = FALSE
	EndGlobalSection
	GlobalSection(ExtensibilityGlobals) = postSolution
		SolutionGuid = {017594EB-644F-4017-A62A-79DD05D47988}
	EndGlobalSection
EndGlobal
